<?xml version="1.0" encoding="utf-8"?>
<Project ToolsVersion="4.0" xmlns="http://schemas.microsoft.com/developer/msbuild/2003">
  <ItemGroup>
    <ClInclude Include="bg_local.hpp" />
    <ClInclude Include="cg_local.hpp" />
    <ClInclude Include="g_local.hpp" />
    <ClInclude Include="g_statusbar.hpp" />
    <ClInclude Include="game.hpp" />
    <ClInclude Include="freezetag_damage.hpp" />
    <ClInclude Include="g_match_grace_scope.hpp" />
    <ClInclude Include="g_match_state_utils.hpp" />
    <ClInclude Include="g_monster_defines.hpp" />
    <ClInclude Include="match_state_helper.hpp" />
    <ClInclude Include="q_std.hpp" />
    <ClInclude Include="q_vec3.hpp" />
    <ClInclude Include="team_join_capacity.hpp" />
    <ClInclude Include="bots\bot_debug.hpp">
      <Filter>bots</Filter>
    </ClInclude>
    <ClInclude Include="bots\bot_exports.hpp">
      <Filter>bots</Filter>
    </ClInclude>
    <ClInclude Include="bots\bot_includes.hpp">
      <Filter>bots</Filter>
    </ClInclude>
    <ClInclude Include="bots\bot_think.hpp">
      <Filter>bots</Filter>
    </ClInclude>
    <ClInclude Include="bots\bot_utils.hpp">
      <Filter>bots</Filter>
    </ClInclude>
    <ClInclude Include="monsters\m_actor.hpp">
      <Filter>monsters</Filter>
    </ClInclude>
    <ClInclude Include="monsters\m_arachnid.hpp">
      <Filter>monsters</Filter>
    </ClInclude>
    <ClInclude Include="monsters\m_berserk.hpp">
      <Filter>monsters</Filter>
    </ClInclude>
    <ClInclude Include="monsters\m_hornet.hpp">
      <Filter>monsters</Filter>
    </ClInclude>
    <ClInclude Include="monsters\m_jorg.hpp">
      <Filter>monsters</Filter>
    </ClInclude>
    <ClInclude Include="monsters\m_makron.hpp">
      <Filter>monsters</Filter>
    </ClInclude>
    <ClInclude Include="monsters\m_brain.hpp">
      <Filter>monsters</Filter>
    </ClInclude>
    <ClInclude Include="monsters\m_carrier.hpp">
      <Filter>monsters</Filter>
    </ClInclude>
    <ClInclude Include="monsters\m_chick.hpp">
      <Filter>monsters</Filter>
    </ClInclude>
    <ClInclude Include="monsters\m_fixbot.hpp">
      <Filter>monsters</Filter>
    </ClInclude>
    <ClInclude Include="monsters\m_flash.hpp">
      <Filter>monsters</Filter>
    </ClInclude>
    <ClInclude Include="monsters\m_shark.hpp">
      <Filter>monsters</Filter>
    </ClInclude>
    <ClInclude Include="monsters\m_float.hpp">
      <Filter>monsters</Filter>
    </ClInclude>
    <ClInclude Include="monsters\m_flyer.hpp">
      <Filter>monsters</Filter>
    </ClInclude>
    <ClInclude Include="monsters\m_gekk.hpp">
      <Filter>monsters</Filter>
    </ClInclude>
    <ClInclude Include="monsters\m_gladiator.hpp">
      <Filter>monsters</Filter>
    </ClInclude>
    <ClInclude Include="monsters\m_guardian.hpp">
      <Filter>monsters</Filter>
    </ClInclude>
    <ClInclude Include="monsters\m_gunner.hpp">
      <Filter>monsters</Filter>
    </ClInclude>
    <ClInclude Include="monsters\m_hover.hpp">
      <Filter>monsters</Filter>
    </ClInclude>
    <ClInclude Include="monsters\m_infantry.hpp">
      <Filter>monsters</Filter>
    </ClInclude>
    <ClInclude Include="monsters\m_insane.hpp">
      <Filter>monsters</Filter>
    </ClInclude>
    <ClInclude Include="monsters\m_medic.hpp">
      <Filter>monsters</Filter>
    </ClInclude>
    <ClInclude Include="monsters\m_mutant.hpp">
      <Filter>monsters</Filter>
    </ClInclude>
    <ClInclude Include="monsters\m_parasite.hpp">
      <Filter>monsters</Filter>
    </ClInclude>
    <ClInclude Include="monsters\m_player.hpp">
      <Filter>monsters</Filter>
    </ClInclude>
    <ClInclude Include="monsters\m_rider.hpp">
      <Filter>monsters</Filter>
    </ClInclude>
    <ClInclude Include="monsters\m_shambler.hpp">
      <Filter>monsters</Filter>
    </ClInclude>
    <ClInclude Include="monsters\m_soldier.hpp">
      <Filter>monsters</Filter>
    </ClInclude>
    <ClInclude Include="monsters\m_stalker.hpp">
      <Filter>monsters</Filter>
    </ClInclude>
    <ClInclude Include="monsters\m_supertank.hpp">
      <Filter>monsters</Filter>
    </ClInclude>
    <ClInclude Include="monsters\m_tank.hpp">
      <Filter>monsters</Filter>
    </ClInclude>
    <ClInclude Include="monsters\m_turret.hpp">
      <Filter>monsters</Filter>
    </ClInclude>
    <ClInclude Include="monsters\m_widow.hpp">
      <Filter>monsters</Filter>
    </ClInclude>
    <ClInclude Include="monsters\m_widow2.hpp">
      <Filter>monsters</Filter>
    </ClInclude>
    <ClInclude Include="monsters\m_dog.hpp">
      <Filter>monsters</Filter>
    </ClInclude>
    <ClInclude Include="monsters\m_ogre.hpp">
      <Filter>monsters</Filter>
    </ClInclude>
    <ClInclude Include="monsters\m_rotfish.hpp">
      <Filter>monsters</Filter>
    </ClInclude>
    <ClInclude Include="monsters\m_grunt.hpp">
      <Filter>monsters</Filter>
    </ClInclude>
    <ClInclude Include="monsters\m_fiend.hpp">
      <Filter>monsters</Filter>
    </ClInclude>
    <ClInclude Include="monsters\m_zombie.hpp">
      <Filter>monsters</Filter>
    </ClInclude>
    <ClInclude Include="monsters\m_spawn.hpp">
      <Filter>monsters</Filter>
    </ClInclude>
    <ClInclude Include="monsters\m_vore.hpp">
      <Filter>monsters</Filter>
    </ClInclude>
    <ClInclude Include="monsters\m_enforcer.hpp">
      <Filter>monsters</Filter>
    </ClInclude>
    <ClInclude Include="monsters\m_hellknight.hpp">
      <Filter>monsters</Filter>
    </ClInclude>
    <ClInclude Include="monsters\m_knight.hpp">
      <Filter>monsters</Filter>
    </ClInclude>
    <ClInclude Include="monsters\m_shub.hpp">
      <Filter>monsters</Filter>
    </ClInclude>
    <ClInclude Include="monsters\m_chthon.hpp">
      <Filter>monsters</Filter>
    </ClInclude>
    <ClInclude Include="monsters\m_scrag.hpp">
      <Filter>monsters</Filter>
    </ClInclude>
    <ClInclude Include="command_registration.hpp">
      <Filter>commands</Filter>
    </ClInclude>
    <ClInclude Include="command_system.hpp">
      <Filter>commands</Filter>
    </ClInclude>
    <ClInclude Include="command_voting.hpp">
      <Filter>commands</Filter>
    </ClInclude>
    <ClInclude Include="command_voting_utils.hpp">
      <Filter>commands</Filter>
    </ClInclude>
  </ItemGroup>
  <ItemGroup>
    <ClCompile Include="cg_main.cpp" />
    <ClCompile Include="cg_screen.cpp" />
    <ClCompile Include="g_ai.cpp" />
    <ClCompile Include="g_spectator.cpp" />
    <ClCompile Include="g_combat.cpp" />
    <ClCompile Include="g_func.cpp" />
    <ClCompile Include="g_items.cpp" />
    <ClCompile Include="g_main.cpp" />
    <ClCompile Include="g_misc.cpp" />
    <ClCompile Include="g_monster.cpp" />
    <ClCompile Include="g_phys.cpp" />
    <ClCompile Include="g_save.cpp" />
    <ClCompile Include="g_spawn.cpp" />
    <ClCompile Include="g_svcmds.cpp" />
    <ClCompile Include="g_target.cpp" />
    <ClCompile Include="g_trigger.cpp" />
    <ClCompile Include="g_turret.cpp" />
    <ClCompile Include="g_utils.cpp" />
    <ClCompile Include="g_weapon.cpp" />
    <ClCompile Include="fmt.cc" />
    <ClCompile Include="format.cc" />
    <ClCompile Include="os.cc" />
    <ClCompile Include="p_client.cpp" />
    <ClCompile Include="p_hud_main.cpp" />
    <ClCompile Include="p_move.cpp" />
    <ClCompile Include="p_trail.cpp" />
    <ClCompile Include="p_view.cpp" />
    <ClCompile Include="p_weapon.cpp" />
    <ClCompile Include="q_std.cpp" />
    <ClCompile Include="bots\bot_debug.cpp">
      <Filter>bots</Filter>
    </ClCompile>
    <ClCompile Include="bots\bot_exports.cpp">
      <Filter>bots</Filter>
    </ClCompile>
    <ClCompile Include="bots\bot_think.cpp">
      <Filter>bots</Filter>
    </ClCompile>
    <ClCompile Include="bots\bot_utils.cpp">
      <Filter>bots</Filter>
    </ClCompile>
    <ClCompile Include="g_ai_new.cpp" />
    <ClCompile Include="g_monster_spawn.cpp" />
    <ClCompile Include="monsters\m_actor.cpp">
      <Filter>monsters</Filter>
    </ClCompile>
    <ClCompile Include="monsters\m_arachnid.cpp">
      <Filter>monsters</Filter>
    </ClCompile>
    <ClCompile Include="monsters\m_berserk.cpp">
      <Filter>monsters</Filter>
    </ClCompile>
    <ClCompile Include="monsters\m_hornet.cpp">
      <Filter>monsters</Filter>
    </ClCompile>
    <ClCompile Include="monsters\m_jorg.cpp">
      <Filter>monsters</Filter>
    </ClCompile>
    <ClCompile Include="monsters\m_makron.cpp">
      <Filter>monsters</Filter>
    </ClCompile>
    <ClCompile Include="monsters\m_brain.cpp">
      <Filter>monsters</Filter>
    </ClCompile>
    <ClCompile Include="monsters\m_carrier.cpp">
      <Filter>monsters</Filter>
    </ClCompile>
    <ClCompile Include="monsters\m_chick.cpp">
      <Filter>monsters</Filter>
    </ClCompile>
    <ClCompile Include="monsters\m_fixbot.cpp">
      <Filter>monsters</Filter>
    </ClCompile>
    <ClCompile Include="monsters\m_shark.cpp">
      <Filter>monsters</Filter>
    </ClCompile>
    <ClCompile Include="monsters\m_float.cpp">
      <Filter>monsters</Filter>
    </ClCompile>
    <ClCompile Include="monsters\m_flyer.cpp">
      <Filter>monsters</Filter>
    </ClCompile>
    <ClCompile Include="monsters\m_gekk.cpp">
      <Filter>monsters</Filter>
    </ClCompile>
    <ClCompile Include="monsters\m_gladiator.cpp">
      <Filter>monsters</Filter>
    </ClCompile>
    <ClCompile Include="monsters\m_guardian.cpp">
      <Filter>monsters</Filter>
    </ClCompile>
    <ClCompile Include="monsters\m_guncmdr.cpp">
      <Filter>monsters</Filter>
    </ClCompile>
    <ClCompile Include="monsters\m_gunner.cpp">
      <Filter>monsters</Filter>
    </ClCompile>
    <ClCompile Include="monsters\m_hover.cpp">
      <Filter>monsters</Filter>
    </ClCompile>
    <ClCompile Include="monsters\m_infantry.cpp">
      <Filter>monsters</Filter>
    </ClCompile>
    <ClCompile Include="monsters\m_insane.cpp">
      <Filter>monsters</Filter>
    </ClCompile>
    <ClCompile Include="monsters\m_medic.cpp">
      <Filter>monsters</Filter>
    </ClCompile>
    <ClCompile Include="monsters\m_move.cpp">
      <Filter>monsters</Filter>
    </ClCompile>
    <ClCompile Include="monsters\m_mutant.cpp">
      <Filter>monsters</Filter>
    </ClCompile>
    <ClCompile Include="monsters\m_parasite.cpp">
      <Filter>monsters</Filter>
    </ClCompile>
    <ClCompile Include="monsters\m_shambler.cpp">
      <Filter>monsters</Filter>
    </ClCompile>
    <ClCompile Include="monsters\m_soldier.cpp">
      <Filter>monsters</Filter>
    </ClCompile>
    <ClCompile Include="monsters\m_stalker.cpp">
      <Filter>monsters</Filter>
    </ClCompile>
    <ClCompile Include="monsters\m_supertank.cpp">
      <Filter>monsters</Filter>
    </ClCompile>
    <ClCompile Include="monsters\m_tank.cpp">
      <Filter>monsters</Filter>
    </ClCompile>
    <ClCompile Include="monsters\m_turret.cpp">
      <Filter>monsters</Filter>
    </ClCompile>
    <ClCompile Include="monsters\m_widow.cpp">
      <Filter>monsters</Filter>
    </ClCompile>
    <ClCompile Include="monsters\m_widow2.cpp">
      <Filter>monsters</Filter>
    </ClCompile>
    <ClCompile Include="g_teamplay.cpp" />
    <ClCompile Include="g_match_logging.cpp" />
    <ClCompile Include="g_maps.cpp" />
    <ClCompile Include="g_match_state.cpp" />
    <ClCompile Include="g_client_cfg.cpp" />
    <ClCompile Include="p_hud_scoreboard.cpp" />
    <ClCompile Include="menu\menu_page_admin.cpp">
      <Filter>menu</Filter>
    </ClCompile>
    <ClCompile Include="menu\menu_page_callvote.cpp">
      <Filter>menu</Filter>
    </ClCompile>
    <ClCompile Include="menu\menu_page_hostinfo.cpp">
      <Filter>menu</Filter>
    </ClCompile>
    <ClCompile Include="menu\menu_page_welcome.cpp">
      <Filter>menu</Filter>
    </ClCompile>
    <ClCompile Include="menu\menu_page_mapselector.cpp">
      <Filter>menu</Filter>
    </ClCompile>
    <ClCompile Include="menu\menu_page_matchinfo.cpp">
      <Filter>menu</Filter>
    </ClCompile>
    <ClCompile Include="menu\menu_page_matchstats.cpp">
      <Filter>menu</Filter>
    </ClCompile>
    <ClCompile Include="menu\menu_page_voting.cpp">
      <Filter>menu</Filter>
    </ClCompile>
    <ClCompile Include="menu\menu_main.cpp">
      <Filter>menu</Filter>
    </ClCompile>
    <ClCompile Include="menu\menu_system.cpp">
      <Filter>menu</Filter>
    </ClCompile>
    <ClCompile Include="g_horde.cpp" />
    <ClCompile Include="menu\menu_page_setup.cpp">
      <Filter>menu</Filter>
    </ClCompile>
    <ClCompile Include="g_combat_heatmap.cpp" />
    <ClCompile Include="monsters\m_dog.cpp">
      <Filter>monsters</Filter>
    </ClCompile>
    <ClCompile Include="monsters\m_ogre.cpp">
      <Filter>monsters</Filter>
    </ClCompile>
    <ClCompile Include="monsters\m_rotfish.cpp">
      <Filter>monsters</Filter>
    </ClCompile>
    <ClCompile Include="monsters\m_grunt.cpp">
      <Filter>monsters</Filter>
    </ClCompile>
    <ClCompile Include="monsters\m_fiend.cpp">
      <Filter>monsters</Filter>
    </ClCompile>
    <ClCompile Include="monsters\m_zombie.cpp">
      <Filter>monsters</Filter>
    </ClCompile>
    <ClCompile Include="monsters\m_spawn.cpp">
      <Filter>monsters</Filter>
    </ClCompile>
    <ClCompile Include="monsters\m_vore.cpp">
      <Filter>monsters</Filter>
    </ClCompile>
    <ClCompile Include="monsters\m_enforcer.cpp">
      <Filter>monsters</Filter>
    </ClCompile>
    <ClCompile Include="monsters\m_hellknight.cpp">
      <Filter>monsters</Filter>
    </ClCompile>
    <ClCompile Include="monsters\m_knight.cpp">
      <Filter>monsters</Filter>
    </ClCompile>
    <ClCompile Include="monsters\m_shub.cpp">
      <Filter>monsters</Filter>
    </ClCompile>
    <ClCompile Include="monsters\m_chthon.cpp">
      <Filter>monsters</Filter>
    </ClCompile>
    <ClCompile Include="monsters\m_scrag.cpp">
      <Filter>monsters</Filter>
    </ClCompile>
    <ClCompile Include="g_player_spawn.cpp" />
    <ClCompile Include="command_admin.cpp">
      <Filter>commands</Filter>
    </ClCompile>
    <ClCompile Include="command_cheats.cpp">
      <Filter>commands</Filter>
    </ClCompile>
    <ClCompile Include="command_client.cpp">
      <Filter>commands</Filter>
    </ClCompile>
    <ClCompile Include="command_system.cpp">
      <Filter>commands</Filter>
    </ClCompile>
    <ClCompile Include="command_voting.cpp">
      <Filter>commands</Filter>
    </ClCompile>
  </ItemGroup>
  <ItemGroup>
    <Filter Include="bots">
      <UniqueIdentifier>{185665ce-b604-4d9a-b22b-02a83797d112}</UniqueIdentifier>
    </Filter>
    <Filter Include="monsters">
      <UniqueIdentifier>{14e9d741-abb2-49e4-ad94-ca4aee1ffa62}</UniqueIdentifier>
    </Filter>
    <Filter Include="menu">
      <UniqueIdentifier>{4edcbabc-5d0b-4aa6-bc36-bfe9bcb6f9e5}</UniqueIdentifier>
    </Filter>
    <Filter Include="commands">
      <UniqueIdentifier>{c39401cc-cb9a-4041-97a4-eb429a55caff}</UniqueIdentifier>
    </Filter>
  </ItemGroup>
</Project>